{
  "name": "systemic-examples",
  "version": "1.0.0",
  "lockfileVersion": 1,
  "requires": true,
  "dependencies": {
    "async": {
      "version": "3.2.0",
      "resolved": "https://registry.npmjs.org/async/-/async-3.2.0.tgz",
      "integrity": "sha512-TR2mEZFVOj2pLStYxLht7TyfuRzaydfpxr3k9RpHIzMgw7A64dzsdqCxH1WJyQdoe8T10nDXd9wnEigmiuHIZw=="
    },
    "chance": {
      "version": "1.1.6",
      "resolved": "https://registry.npmjs.org/chance/-/chance-1.1.6.tgz",
      "integrity": "sha512-DXLzaGjasDWbvlFAJyQBIwlzdQZuPdz4of9TTTxmHTjja88ZU/vBwUwxxjalSt43zWTPrhiJT0z0N4bZqfZS9w=="
    },
    "debug": {
      "version": "4.1.1",
      "resolved": "https://registry.npmjs.org/debug/-/debug-4.1.1.tgz",
      "integrity": "sha512-pYAIzeRo8J6KPEaJ0VWOh5Pzkbw/RetuzehGM7QRRX5he4fPHx2rdKMB256ehJCkX+XRQm16eZLqLNS8RSZXZw==",
      "requires": {
        "ms": "^2.1.1"
      }
    },
    "lodash.assign": {
      "version": "4.2.0",
      "resolved": "https://registry.npmjs.org/lodash.assign/-/lodash.assign-4.2.0.tgz",
      "integrity": "sha1-DZnzzNem0mHRm9rrkkUAXShYCOc="
    },
    "lodash.defaults": {
      "version": "4.2.0",
      "resolved": "https://registry.npmjs.org/lodash.defaults/-/lodash.defaults-4.2.0.tgz",
      "integrity": "sha1-0JF4cW/+pN3p5ft7N/bwgCJ0WAw="
    },
    "lodash.find": {
      "version": "4.6.0",
      "resolved": "https://registry.npmjs.org/lodash.find/-/lodash.find-4.6.0.tgz",
      "integrity": "sha1-ywcE1Hq3F4n/oN6Ll92Sb7iLE7E="
    },
    "lodash.get": {
      "version": "4.4.2",
      "resolved": "https://registry.npmjs.org/lodash.get/-/lodash.get-4.4.2.tgz",
      "integrity": "sha1-LRd/ZS+jHpObRDjVNBSZ36OCXpk="
    },
    "lodash.has": {
      "version": "4.5.2",
      "resolved": "https://registry.npmjs.org/lodash.has/-/lodash.has-4.5.2.tgz",
      "integrity": "sha1-0Z9NwQlQWMzL4rDN9O4P5Ko3yGI="
    },
    "lodash.intersection": {
      "version": "4.4.0",
      "resolved": "https://registry.npmjs.org/lodash.intersection/-/lodash.intersection-4.4.0.tgz",
      "integrity": "sha1-ChG6Yx0OlcI8fy9Mu5ppLtF45wU="
    },
    "lodash.isfunction": {
      "version": "3.0.9",
      "resolved": "https://registry.npmjs.org/lodash.isfunction/-/lodash.isfunction-3.0.9.tgz",
      "integrity": "sha512-AirXNj15uRIMMPihnkInB4i3NHeb4iBtNg9WRWuK2o31S+ePwwNmDPaTL3o7dTJ+VXNZim7rFs4rxN4YU1oUJw=="
    },
    "lodash.map": {
      "version": "4.6.0",
      "resolved": "https://registry.npmjs.org/lodash.map/-/lodash.map-4.6.0.tgz",
      "integrity": "sha1-dx7Hg540c9nEzeKLGTlMNWL09tM="
    },
    "lodash.merge": {
      "version": "4.6.2",
      "resolved": "https://registry.npmjs.org/lodash.merge/-/lodash.merge-4.6.2.tgz",
      "integrity": "sha512-0KpjqXRVvrYyCsX1swR/XTK0va6VQkQM6MNo7PqW77ByjAhoARA8EfrP1N4+KlKj8YS0ZUCtRT/YUuhyYDujIQ=="
    },
    "lodash.set": {
      "version": "4.3.2",
      "resolved": "https://registry.npmjs.org/lodash.set/-/lodash.set-4.3.2.tgz",
      "integrity": "sha1-2HV7HagH3eJIFrDWqEvqGnYjCyM="
    },
    "lodash.toarray": {
      "version": "4.4.0",
      "resolved": "https://registry.npmjs.org/lodash.toarray/-/lodash.toarray-4.4.0.tgz",
      "integrity": "sha1-JMS/zWsvuji/0FlNsRedjptlZWE="
    },
    "ms": {
      "version": "2.1.2",
      "resolved": "https://registry.npmjs.org/ms/-/ms-2.1.2.tgz",
      "integrity": "sha512-sGkPx+VjMtmA6MX27oA4FBFELFCZZ4S4XqeGOXCv68tT+jb3vk/RyaKWP0PTKyWtmLSM0b+adUTEvbs1PEaH2w=="
    },
    "parse-duration": {
      "version": "0.1.3",
      "resolved": "https://registry.npmjs.org/parse-duration/-/parse-duration-0.1.3.tgz",
      "integrity": "sha512-hMOZHfUmjxO5hMKn7Eft+ckP2M4nV4yzauLXiw3PndpkASnx5r8pDAMcOAiqxoemqWjMWmz4fOHQM6n6WwETXw=="
    },
    "require-all": {
      "version": "3.0.0",
      "resolved": "https://registry.npmjs.org/require-all/-/require-all-3.0.0.tgz",
      "integrity": "sha1-Rz1JcEvjEBFc4ST3c4Ox69hnExI="
    },
    "systemic": {
      "version": "3.3.7",
      "resolved": "https://registry.npmjs.org/systemic/-/systemic-3.3.7.tgz",
      "integrity": "sha512-ODqCpSGCIkRV03S9V+o0lI+v5YyDD0ZnwlCyxWoXL26FemjbjveFaJuFD4IQOQPhgfqE6W1GwHx5KOeRVc+4Rg==",
      "requires": {
        "async": "3.2.0",
        "chance": "1.1.6",
        "debug": "4.1.1",
        "lodash.assign": "4.2.0",
        "lodash.defaults": "4.2.0",
        "lodash.find": "4.6.0",
        "lodash.get": "4.4.2",
        "lodash.has": "4.5.2",
        "lodash.intersection": "4.4.0",
        "lodash.isfunction": "3.0.9",
        "lodash.map": "4.6.0",
        "lodash.set": "4.3.2",
        "lodash.toarray": "4.4.0",
        "require-all": "3.0.0",
        "toposort-class": "1.0.1"
      }
    },
    "systemic-domain-runner": {
      "version": "1.1.0",
      "resolved": "https://registry.npmjs.org/systemic-domain-runner/-/systemic-domain-runner-1.1.0.tgz",
      "integrity": "sha1-ypO9XoaRzcCwR4h5rCk60PTaAlQ=",
      "requires": {
        "systemic-service-runner": "1.1.0"
      }
    },
    "systemic-service-runner": {
      "version": "1.1.0",
      "resolved": "https://registry.npmjs.org/systemic-service-runner/-/systemic-service-runner-1.1.0.tgz",
      "integrity": "sha1-K0Iqz2ZDTXpwGaFw/9NrpS6vkug=",
      "requires": {
        "lodash.merge": "4.6.2",
        "parse-duration": "0.1.3"
      }
    },
    "toposort-class": {
      "version": "1.0.1",
      "resolved": "https://registry.npmjs.org/toposort-class/-/toposort-class-1.0.1.tgz",
      "integrity": "sha1-f/0feMi+KMO6Rc1OGj9e4ZO9mYg="
    }
  }
}
